// !$*UTF8*$!
{
	archiveVersion = 1;
	classes = {
	};
	objectVersion = 48;
	objects = {

/* Begin PBXBuildFile section */
		9A566A1B1F8BD8A2004E8C73 /* AppDelegate.swift in Sources */ = {isa = PBXBuildFile; fileRef = 9A566A1A1F8BD8A2004E8C73 /* AppDelegate.swift */; };
		9A566A1D1F8BD8A2004E8C73 /* ViewController.swift in Sources */ = {isa = PBXBuildFile; fileRef = 9A566A1C1F8BD8A2004E8C73 /* ViewController.swift */; };
		9A566A201F8BD8A2004E8C73 /* Main.storyboard in Resources */ = {isa = PBXBuildFile; fileRef = 9A566A1E1F8BD8A2004E8C73 /* Main.storyboard */; };
		9A566A221F8BD8A2004E8C73 /* Assets.xcassets in Resources */ = {isa = PBXBuildFile; fileRef = 9A566A211F8BD8A2004E8C73 /* Assets.xcassets */; };
		9A566A251F8BD8A2004E8C73 /* LaunchScreen.storyboard in Resources */ = {isa = PBXBuildFile; fileRef = 9A566A231F8BD8A2004E8C73 /* LaunchScreen.storyboard */; };
		9A566A301F8BD8A2004E8C73 /* TestFirstTests.swift in Sources */ = {isa = PBXBuildFile; fileRef = 9A566A2F1F8BD8A2004E8C73 /* TestFirstTests.swift */; };
		9A566A3B1F8BD8A2004E8C73 /* TestFirstUITests.swift in Sources */ = {isa = PBXBuildFile; fileRef = 9A566A3A1F8BD8A2004E8C73 /* TestFirstUITests.swift */; };
/* End PBXBuildFile section */

/* Begin PBXContainerItemProxy section */
		9A566A2C1F8BD8A2004E8C73 /* PBXContainerItemProxy */ = {
			isa = PBXContainerItemProxy;
			containerPortal = 9A566A0F1F8BD8A2004E8C73 /* Project object */;
			proxyType = 1;
			remoteGlobalIDString = 9A566A161F8BD8A2004E8C73;
			remoteInfo = TestFirst;
		};
		9A566A371F8BD8A2004E8C73 /* PBXContainerItemProxy */ = {
			isa = PBXContainerItemProxy;
			containerPortal = 9A566A0F1F8BD8A2004E8C73 /* Project object */;
			proxyType = 1;
			remoteGlobalIDString = 9A566A161F8BD8A2004E8C73;
			remoteInfo = TestFirst;
		};
/* End PBXContainerItemProxy section */

/* Begin PBXFileReference section */
		9A566A171F8BD8A2004E8C73 /* TestFirst.app */ = {isa = PBXFileReference; explicitFileType = wrapper.application; includeInIndex = 0; path = TestFirst.app; sourceTree = BUILT_PRODUCTS_DIR; };
		9A566A1A1F8BD8A2004E8C73 /* AppDelegate.swift */ = {isa = PBXFileReference; lastKnownFileType = sourcecode.swift; path = AppDelegate.swift; sourceTree = "<group>"; };
		9A566A1C1F8BD8A2004E8C73 /* ViewController.swift */ = {isa = PBXFileReference; lastKnownFileType = sourcecode.swift; path = ViewController.swift; sourceTree = "<group>"; };
		9A566A1F1F8BD8A2004E8C73 /* Base */ = {isa = PBXFileReference; lastKnownFileType = file.storyboard; name = Base; path = Base.lproj/Main.storyboard; sourceTree = "<group>"; };
		9A566A211F8BD8A2004E8C73 /* Assets.xcassets */ = {isa = PBXFileReference; lastKnownFileType = folder.assetcatalog; path = Assets.xcassets; sourceTree = "<group>"; };
		9A566A241F8BD8A2004E8C73 /* Base */ = {isa = PBXFileReference; lastKnownFileType = file.storyboard; name = Base; path = Base.lproj/LaunchScreen.storyboard; sourceTree = "<group>"; };
		9A566A261F8BD8A2004E8C73 /* Info.plist */ = {isa = PBXFileReference; lastKnownFileType = text.plist.xml; path = Info.plist; sourceTree = "<group>"; };
		9A566A2B1F8BD8A2004E8C73 /* TestFirstTests.xctest */ = {isa = PBXFileReference; explicitFileType = wrapper.cfbundle; includeInIndex = 0; path = TestFirstTests.xctest; sourceTree = BUILT_PRODUCTS_DIR; };
		9A566A2F1F8BD8A2004E8C73 /* TestFirstTests.swift */ = {isa = PBXFileReference; lastKnownFileType = sourcecode.swift; path = TestFirstTests.swift; sourceTree = "<group>"; };
		9A566A311F8BD8A2004E8C73 /* Info.plist */ = {isa = PBXFileReference; lastKnownFileType = text.plist.xml; path = Info.plist; sourceTree = "<group>"; };
		9A566A361F8BD8A2004E8C73 /* TestFirstUITests.xctest */ = {isa = PBXFileReference; explicitFileType = wrapper.cfbundle; includeInIndex = 0; path = TestFirstUITests.xctest; sourceTree = BUILT_PRODUCTS_DIR; };
		9A566A3A1F8BD8A2004E8C73 /* TestFirstUITests.swift */ = {isa = PBXFileReference; lastKnownFileType = sourcecode.swift; path = TestFirstUITests.swift; sourceTree = "<group>"; };
		9A566A3C1F8BD8A2004E8C73 /* Info.plist */ = {isa = PBXFileReference; lastKnownFileType = text.plist.xml; path = Info.plist; sourceTree = "<group>"; };
/* End PBXFileReference section */

/* Begin PBXFrameworksBuildPhase section */
		9A566A141F8BD8A2004E8C73 /* Frameworks */ = {
			isa = PBXFrameworksBuildPhase;
			buildActionMask = 2147483647;
			files = (
			);
			runOnlyForDeploymentPostprocessing = 0;
		};
		9A566A281F8BD8A2004E8C73 /* Frameworks */ = {
			isa = PBXFrameworksBuildPhase;
			buildActionMask = 2147483647;
			files = (
			);
			runOnlyForDeploymentPostprocessing = 0;
		};
		9A566A331F8BD8A2004E8C73 /* Frameworks */ = {
			isa = PBXFrameworksBuildPhase;
			buildActionMask = 2147483647;
			files = (
			);
			runOnlyForDeploymentPostprocessing = 0;
		};
/* End PBXFrameworksBuildPhase section */

/* Begin PBXGroup section */
		9A566A0E1F8BD8A2004E8C73 = {
			isa = PBXGroup;
			children = (
				9A566A191F8BD8A2004E8C73 /* TestFirst */,
				9A566A2E1F8BD8A2004E8C73 /* TestFirstTests */,
				9A566A391F8BD8A2004E8C73 /* TestFirstUITests */,
				9A566A181F8BD8A2004E8C73 /* Products */,
			);
			sourceTree = "<group>";
		};
		9A566A181F8BD8A2004E8C73 /* Products */ = {
			isa = PBXGroup;
			children = (
				9A566A171F8BD8A2004E8C73 /* TestFirst.app */,
				9A566A2B1F8BD8A2004E8C73 /* TestFirstTests.xctest */,
				9A566A361F8BD8A2004E8C73 /* TestFirstUITests.xctest */,
			);
			name = Products;
			sourceTree = "<group>";
		};
		9A566A191F8BD8A2004E8C73 /* TestFirst */ = {
			isa = PBXGroup;
			children = (
				9A566A1A1F8BD8A2004E8C73 /* AppDelegate.swift */,
				9A566A1C1F8BD8A2004E8C73 /* ViewController.swift */,
				9A566A1E1F8BD8A2004E8C73 /* Main.storyboard */,
				9A566A211F8BD8A2004E8C73 /* Assets.xcassets */,
				9A566A231F8BD8A2004E8C73 /* LaunchScreen.storyboard */,
				9A566A261F8BD8A2004E8C73 /* Info.plist */,
			);
			path = TestFirst;
			sourceTree = "<group>";
		};
		9A566A2E1F8BD8A2004E8C73 /* TestFirstTests */ = {
			isa = PBXGroup;
			children = (
				9A566A2F1F8BD8A2004E8C73 /* TestFirstTests.swift */,
				9A566A311F8BD8A2004E8C73 /* Info.plist */,
			);
			path = TestFirstTests;
			sourceTree = "<group>";
		};
		9A566A391F8BD8A2004E8C73 /* TestFirstUITests */ = {
			isa = PBXGroup;
			children = (
				9A566A3A1F8BD8A2004E8C73 /* TestFirstUITests.swift */,
				9A566A3C1F8BD8A2004E8C73 /* Info.plist */,
			);
			path = TestFirstUITests;
			sourceTree = "<group>";
		};
/* End PBXGroup section */

/* Begin PBXNativeTarget section */
		9A566A161F8BD8A2004E8C73 /* TestFirst */ = {
			isa = PBXNativeTarget;
			buildConfigurationList = 9A566A3F1F8BD8A2004E8C73 /* Build configuration list for PBXNativeTarget "TestFirst" */;
			buildPhases = (
				9A566A131F8BD8A2004E8C73 /* Sources */,
				9A566A141F8BD8A2004E8C73 /* Frameworks */,
				9A566A151F8BD8A2004E8C73 /* Resources */,
			);
			buildRules = (
			);
			dependencies = (
			);
			name = TestFirst;
			productName = TestFirst;
			productReference = 9A566A171F8BD8A2004E8C73 /* TestFirst.app */;
			productType = "com.apple.product-type.application";
		};
		9A566A2A1F8BD8A2004E8C73 /* TestFirstTests */ = {
			isa = PBXNativeTarget;
			buildConfigurationList = 9A566A421F8BD8A2004E8C73 /* Build configuration list for PBXNativeTarget "TestFirstTests" */;
			buildPhases = (
				9A566A271F8BD8A2004E8C73 /* Sources */,
				9A566A281F8BD8A2004E8C73 /* Frameworks */,
				9A566A291F8BD8A2004E8C73 /* Resources */,
			);
			buildRules = (
			);
			dependencies = (
				9A566A2D1F8BD8A2004E8C73 /* PBXTargetDependency */,
			);
			name = TestFirstTests;
			productName = TestFirstTests;
			productReference = 9A566A2B1F8BD8A2004E8C73 /* TestFirstTests.xctest */;
			productType = "com.apple.product-type.bundle.unit-test";
		};
		9A566A351F8BD8A2004E8C73 /* TestFirstUITests */ = {
			isa = PBXNativeTarget;
			buildConfigurationList = 9A566A451F8BD8A2004E8C73 /* Build configuration list for PBXNativeTarget "TestFirstUITests" */;
			buildPhases = (
				9A566A321F8BD8A2004E8C73 /* Sources */,
				9A566A331F8BD8A2004E8C73 /* Frameworks */,
				9A566A341F8BD8A2004E8C73 /* Resources */,
			);
			buildRules = (
			);
			dependencies = (
				9A566A381F8BD8A2004E8C73 /* PBXTargetDependency */,
			);
			name = TestFirstUITests;
			productName = TestFirstUITests;
			productReference = 9A566A361F8BD8A2004E8C73 /* TestFirstUITests.xctest */;
			productType = "com.apple.product-type.bundle.ui-testing";
		};
/* End PBXNativeTarget section */

/* Begin PBXProject section */
		9A566A0F1F8BD8A2004E8C73 /* Project object */ = {
			isa = PBXProject;
			attributes = {
				LastSwiftUpdateCheck = 0900;
				LastUpgradeCheck = 0900;
				ORGANIZATIONNAME = "Rizki Syaputra";
				TargetAttributes = {
					9A566A161F8BD8A2004E8C73 = {
						CreatedOnToolsVersion = 9.0;
						ProvisioningStyle = Automatic;
					};
					9A566A2A1F8BD8A2004E8C73 = {
						CreatedOnToolsVersion = 9.0;
						ProvisioningStyle = Automatic;
						TestTargetID = 9A566A161F8BD8A2004E8C73;
					};
					9A566A351F8BD8A2004E8C73 = {
						CreatedOnToolsVersion = 9.0;
						ProvisioningStyle = Automatic;
						TestTargetID = 9A566A161F8BD8A2004E8C73;
					};
				};
			};
			buildConfigurationList = 9A566A121F8BD8A2004E8C73 /* Build configuration list for PBXProject "TestFirst" */;
			compatibilityVersion = "Xcode 8.0";
			developmentRegion = en;
			hasScannedForEncodings = 0;
			knownRegions = (
				en,
				Base,
			);
			mainGroup = 9A566A0E1F8BD8A2004E8C73;
			productRefGroup = 9A566A181F8BD8A2004E8C73 /* Products */;
			projectDirPath = "";
			projectRoot = "";
			targets = (
				9A566A161F8BD8A2004E8C73 /* TestFirst */,
				9A566A2A1F8BD8A2004E8C73 /* TestFirstTests */,
				9A566A351F8BD8A2004E8C73 /* TestFirstUITests */,
			);
		};
/* End PBXProject section */

/* Begin PBXResourcesBuildPhase section */
		9A566A151F8BD8A2004E8C73 /* Resources */ = {
			isa = PBXResourcesBuildPhase;
			buildActionMask = 2147483647;
			files = (
				9A566A251F8BD8A2004E8C73 /* LaunchScreen.storyboard in Resources */,
				9A566A221F8BD8A2004E8C73 /* Assets.xcassets in Resources */,
				9A566A201F8BD8A2004E8C73 /* Main.storyboard in Resources */,
			);
			runOnlyForDeploymentPostprocessing = 0;
		};
		9A566A291F8BD8A2004E8C73 /* Resources */ = {
			isa = PBXResourcesBuildPhase;
			buildActionMask = 2147483647;
			files = (
			);
			runOnlyForDeploymentPostprocessing = 0;
		};
		9A566A341F8BD8A2004E8C73 /* Resources */ = {
			isa = PBXResourcesBuildPhase;
			buildActionMask = 2147483647;
			files = (
			);
			runOnlyForDeploymentPostprocessing = 0;
		};
/* End PBXResourcesBuildPhase section */

/* Begin PBXSourcesBuildPhase section */
		9A566A131F8BD8A2004E8C73 /* Sources */ = {
			isa = PBXSourcesBuildPhase;
			buildActionMask = 2147483647;
			files = (
				9A566A1D1F8BD8A2004E8C73 /* ViewController.swift in Sources */,
				9A566A1B1F8BD8A2004E8C73 /* AppDelegate.swift in Sources */,
			);
			runOnlyForDeploymentPostprocessing = 0;
		};
		9A566A271F8BD8A2004E8C73 /* Sources */ = {
			isa = PBXSourcesBuildPhase;
			buildActionMask = 2147483647;
			files = (
				9A566A301F8BD8A2004E8C73 /* TestFirstTests.swift in Sources */,
			);
			runOnlyForDeploymentPostprocessing = 0;
		};
		9A566A321F8BD8A2004E8C73 /* Sources */ = {
			isa = PBXSourcesBuildPhase;
			buildActionMask = 2147483647;
			files = (
				9A566A3B1F8BD8A2004E8C73 /* TestFirstUITests.swift in Sources */,
			);
			runOnlyForDeploymentPostprocessing = 0;
		};
/* End PBXSourcesBuildPhase section */

/* Begin PBXTargetDependency section */
		9A566A2D1F8BD8A2004E8C73 /* PBXTargetDependency */ = {
			isa = PBXTargetDependency;
			target = 9A566A161F8BD8A2004E8C73 /* TestFirst */;
			targetProxy = 9A566A2C1F8BD8A2004E8C73 /* PBXContainerItemProxy */;
		};
		9A566A381F8BD8A2004E8C73 /* PBXTargetDependency */ = {
			isa = PBXTargetDependency;
			target = 9A566A161F8BD8A2004E8C73 /* TestFirst */;
			targetProxy = 9A566A371F8BD8A2004E8C73 /* PBXContainerItemProxy */;
		};
/* End PBXTargetDependency section */

/* Begin PBXVariantGroup section */
		9A566A1E1F8BD8A2004E8C73 /* Main.storyboard */ = {
			isa = PBXVariantGroup;
			children = (
				9A566A1F1F8BD8A2004E8C73 /* Base */,
			);
			name = Main.storyboard;
			sourceTree = "<group>";
		};
		9A566A231F8BD8A2004E8C73 /* LaunchScreen.storyboard */ = {
			isa = PBXVariantGroup;
			children = (
				9A566A241F8BD8A2004E8C73 /* Base */,
			);
			name = LaunchScreen.storyboard;
			sourceTree = "<group>";
		};
/* End PBXVariantGroup section */

/* Begin XCBuildConfiguration section */
		9A566A3D1F8BD8A2004E8C73 /* Debug */ = {
			isa = XCBuildConfiguration;
			buildSettings = {
				ALWAYS_SEARCH_USER_PATHS = NO;
				CLANG_ANALYZER_NONNULL = YES;
				CLANG_ANALYZER_NUMBER_OBJECT_CONVERSION = YES_AGGRESSIVE;
				CLANG_CXX_LANGUAGE_STANDARD = "gnu++14";
				CLANG_CXX_LIBRARY = "libc++";
				CLANG_ENABLE_MODULES = YES;
				CLANG_ENABLE_OBJC_ARC = YES;
				CLANG_WARN_BLOCK_CAPTURE_AUTORELEASING = YES;
				CLANG_WARN_BOOL_CONVERSION = YES;
				CLANG_WARN_COMMA = YES;
				CLANG_WARN_CONSTANT_CONVERSION = YES;
				CLANG_WARN_DIRECT_OBJC_ISA_USAGE = YES_ERROR;
				CLANG_WARN_DOCUMENTATION_COMMENTS = YES;
				CLANG_WARN_EMPTY_BODY = YES;
				CLANG_WARN_ENUM_CONVERSION = YES;
				CLANG_WARN_INFINITE_RECURSION = YES;
				CLANG_WARN_INT_CONVERSION = YES;
				CLANG_WARN_NON_LITERAL_NULL_CONVERSION = YES;
				CLANG_WARN_OBJC_LITERAL_CONVERSION = YES;
				CLANG_WARN_OBJC_ROOT_CLASS = YES_ERROR;
				CLANG_WARN_RANGE_LOOP_ANALYSIS = YES;
				CLANG_WARN_STRICT_PROTOTYPES = YES;
				CLANG_WARN_SUSPICIOUS_MOVE = YES;
				CLANG_WARN_UNGUARDED_AVAILABILITY = YES_AGGRESSIVE;
				CLANG_WARN_UNREACHABLE_CODE = YES;
				CLANG_WARN__DUPLICATE_METHOD_MATCH = YES;
				CODE_SIGN_IDENTITY = "iPhone Developer";
				COPY_PHASE_STRIP = NO;
				DEBUG_INFORMATION_FORMAT = dwarf;
				ENABLE_STRICT_OBJC_MSGSEND = YES;
				ENABLE_TESTABILITY = YES;
				GCC_C_LANGUAGE_STANDARD = gnu11;
				GCC_DYNAMIC_NO_PIC = NO;
				GCC_NO_COMMON_BLOCKS = YES;
				GCC_OPTIMIZATION_LEVEL = 0;
				GCC_PREPROCESSOR_DEFINITIONS = (
					"DEBUG=1",
					"$(inherited)",
				);
				GCC_WARN_64_TO_32_BIT_CONVERSION = YES;
				GCC_WARN_ABOUT_RETURN_TYPE = YES_ERROR;
				GCC_WARN_UNDECLARED_SELECTOR = YES;
				GCC_WARN_UNINITIALIZED_AUTOS = YES_AGGRESSIVE;
				GCC_WARN_UNUSED_FUNCTION = YES;
				GCC_WARN_UNUSED_VARIABLE = YES;
				IPHONEOS_DEPLOYMENT_TARGET = 11.0;
				MTL_ENABLE_DEBUG_INFO = YES;
				ONLY_ACTIVE_ARCH = YES;
				SDKROOT = iphoneos;
				SWIFT_ACTIVE_COMPILATION_CONDITIONS = DEBUG;
				SWIFT_OPTIMIZATION_LEVEL = "-Onone";
			};
			name = Debug;
		};
		9A566A3E1F8BD8A2004E8C73 /* Release */ = {
			isa = XCBuildConfiguration;
			buildSettings = {
				ALWAYS_SEARCH_USER_PATHS = NO;
				CLANG_ANALYZER_NONNULL = YES;
				CLANG_ANALYZER_NUMBER_OBJECT_CONVERSION = YES_AGGRESSIVE;
				CLANG_CXX_LANGUAGE_STANDARD = "gnu++14";
				CLANG_CXX_LIBRARY = "libc++";
				CLANG_ENABLE_MODULES = YES;
				CLANG_ENABLE_OBJC_ARC = YES;
				CLANG_WARN_BLOCK_CAPTURE_AUTORELEASING = YES;
				CLANG_WARN_BOOL_CONVERSION = YES;
				CLANG_WARN_COMMA = YES;
				CLANG_WARN_CONSTANT_CONVERSION = YES;
				CLANG_WARN_DIRECT_OBJC_ISA_USAGE = YES_ERROR;
				CLANG_WARN_DOCUMENTATION_COMMENTS = YES;
				CLANG_WARN_EMPTY_BODY = YES;
				CLANG_WARN_ENUM_CONVERSION = YES;
				CLANG_WARN_INFINITE_RECURSION = YES;
				CLANG_WARN_INT_CONVERSION = YES;
				CLANG_WARN_NON_LITERAL_NULL_CONVERSION = YES;
				CLANG_WARN_OBJC_LITERAL_CONVERSION = YES;
				CLANG_WARN_OBJC_ROOT_CLASS = YES_ERROR;
				CLANG_WARN_RANGE_LOOP_ANALYSIS = YES;
				CLANG_WARN_STRICT_PROTOTYPES = YES;
				CLANG_WARN_SUSPICIOUS_MOVE = YES;
				CLANG_WARN_UNGUARDED_AVAILABILITY = YES_AGGRESSIVE;
				CLANG_WARN_UNREACHABLE_CODE = YES;
				CLANG_WARN__DUPLICATE_METHOD_MATCH = YES;
				CODE_SIGN_IDENTITY = "iPhone Developer";
				COPY_PHASE_STRIP = NO;
				DEBUG_INFORMATION_FORMAT = "dwarf-with-dsym";
				ENABLE_NS_ASSERTIONS = NO;
				ENABLE_STRICT_OBJC_MSGSEND = YES;
				GCC_C_LANGUAGE_STANDARD = gnu11;
				GCC_NO_COMMON_BLOCKS = YES;
				GCC_WARN_64_TO_32_BIT_CONVERSION = YES;
				GCC_WARN_ABOUT_RETURN_TYPE = YES_ERROR;
				GCC_WARN_UNDECLARED_SELECTOR = YES;
				GCC_WARN_UNINITIALIZED_AUTOS = YES_AGGRESSIVE;
				GCC_WARN_UNUSED_FUNCTION = YES;
				GCC_WARN_UNUSED_VARIABLE = YES;
				IPHONEOS_DEPLOYMENT_TARGET = 11.0;
				MTL_ENABLE_DEBUG_INFO = NO;
				SDKROOT = iphoneos;
				SWIFT_OPTIMIZATION_LEVEL = "-Owholemodule";
				VALIDATE_PRODUCT = YES;
			};
			name = Release;
		};
		9A566A401F8BD8A2004E8C73 /* Debug */ = {
			isa = XCBuildConfiguration;
			buildSettings = {
				ASSETCATALOG_COMPILER_APPICON_NAME = AppIcon;
				CODE_SIGN_STYLE = Automatic;
				INFOPLIST_FILE = TestFirst/Info.plist;
				LD_RUNPATH_SEARCH_PATHS = "$(inherited) @executable_path/Frameworks";
				PRODUCT_BUNDLE_IDENTIFIER = programmermuslim.TestFirst;
				PRODUCT_NAME = "$(TARGET_NAME)";
				SWIFT_VERSION = 4.0;
				TARGETED_DEVICE_FAMILY = "1,2";
			};
			name = Debug;
		};
		9A566A411F8BD8A2004E8C73 /* Release */ = {
			isa = XCBuildConfiguration;
			buildSettings = {
				ASSETCATALOG_COMPILER_APPICON_NAME = AppIcon;
				CODE_SIGN_STYLE = Automatic;
				INFOPLIST_FILE = TestFirst/Info.plist;
				LD_RUNPATH_SEARCH_PATHS = "$(inherited) @executable_path/Frameworks";
				PRODUCT_BUNDLE_IDENTIFIER = programmermuslim.TestFirst;
				PRODUCT_NAME = "$(TARGET_NAME)";
				SWIFT_VERSION = 4.0;
				TARGETED_DEVICE_FAMILY = "1,2";
			};
			name = Release;
		};
		9A566A431F8BD8A2004E8C73 /* Debug */ = {
			isa = XCBuildConfiguration;
			buildSettings = {
				ALWAYS_EMBED_SWIFT_STANDARD_LIBRARIES = YES;
				BUNDLE_LOADER = "$(TEST_HOST)";
				CODE_SIGN_STYLE = Automatic;
				INFOPLIST_FILE = TestFirstTests/Info.plist;
				LD_RUNPATH_SEARCH_PATHS = "$(inherited) @executable_path/Frameworks @loader_path/Frameworks";
				PRODUCT_BUNDLE_IDENTIFIER = programmermuslim.TestFirstTests;
				PRODUCT_NAME = "$(TARGET_NAME)";
				SWIFT_VERSION = 4.0;
				TARGETED_DEVICE_FAMILY = "1,2";
				TEST_HOST = "$(BUILT_PRODUCTS_DIR)/TestFirst.app/TestFirst";
			};
			name = Debug;
		};
		9A566A441F8BD8A2004E8C73 /* Release */ = {
			isa = XCBuildConfiguration;
			buildSettings = {
				ALWAYS_EMBED_SWIFT_STANDARD_LIBRARIES = YES;
				BUNDLE_LOADER = "$(TEST_HOST)";
				CODE_SIGN_STYLE = Automatic;
				INFOPLIST_FILE = TestFirstTests/Info.plist;
				LD_RUNPATH_SEARCH_PATHS = "$(inherited) @executable_path/Frameworks @loader_path/Frameworks";
				PRODUCT_BUNDLE_IDENTIFIER = programmermuslim.TestFirstTests;
				PRODUCT_NAME = "$(TARGET_NAME)";
				SWIFT_VERSION = 4.0;
				TARGETED_DEVICE_FAMILY = "1,2";
				TEST_HOST = "$(BUILT_PRODUCTS_DIR)/TestFirst.app/TestFirst";
			};
			name = Release;
		};
		9A566A461F8BD8A2004E8C73 /* Debug */ = {
			isa = XCBuildConfiguration;
			buildSettings = {
				ALWAYS_EMBED_SWIFT_STANDARD_LIBRARIES = YES;
				CODE_SIGN_STYLE = Automatic;
				INFOPLIST_FILE = TestFirstUITests/Info.plist;
				LD_RUNPATH_SEARCH_PATHS = "$(inherited) @executable_path/Frameworks @loader_path/Frameworks";
				PRODUCT_BUNDLE_IDENTIFIER = programmermuslim.TestFirstUITests;
				PRODUCT_NAME = "$(TARGET_NAME)";
				SWIFT_VERSION = 4.0;
				TARGETED_DEVICE_FAMILY = "1,2";
				TEST_TARGET_NAME = TestFirst;
			};
			name = Debug;
		};
		9A566A471F8BD8A2004E8C73 /* Release */ = {
			isa = XCBuildConfiguration;
			buildSettings = {
				ALWAYS_EMBED_SWIFT_STANDARD_LIBRARIES = YES;
				CODE_SIGN_STYLE = Automatic;
				INFOPLIST_FILE = TestFirstUITests/Info.plist;
				LD_RUNPATH_SEARCH_PATHS = "$(inherited) @executable_path/Frameworks @loader_path/Frameworks";
				PRODUCT_BUNDLE_IDENTIFIER = programmermuslim.TestFirstUITests;
				PRODUCT_NAME = "$(TARGET_NAME)";
				SWIFT_VERSION = 4.0;
				TARGETED_DEVICE_FAMILY = "1,2";
				TEST_TARGET_NAME = TestFirst;
			};
			name = Release;
		};
/* End XCBuildConfiguration section */

/* Begin XCConfigurationList section */
		9A566A121F8BD8A2004E8C73 /* Build configuration list for PBXProject "TestFirst" */ = {
			isa = XCConfigurationList;
			buildConfigurations = (
				9A566A3D1F8BD8A2004E8C73 /* Debug */,
				9A566A3E1F8BD8A2004E8C73 /* Release */,
			);
			defaultConfigurationIsVisible = 0;
			defaultConfigurationName = Release;
		};
		9A566A3F1F8BD8A2004E8C73 /* Build configuration list for PBXNativeTarget "TestFirst" */ = {
			isa = XCConfigurationList;
			buildConfigurations = (
				9A566A401F8BD8A2004E8C73 /* Debug */,
				9A566A411F8BD8A2004E8C73 /* Release */,
			);
			defaultConfigurationIsVisible = 0;
			defaultConfigurationName = Release;
		};
		9A566A421F8BD8A2004E8C73 /* Build configuration list for PBXNativeTarget "TestFirstTests" */ = {
			isa = XCConfigurationList;
			buildConfigurations = (
				9A566A431F8BD8A2004E8C73 /* Debug */,
				9A566A441F8BD8A2004E8C73 /* Release */,
			);
			defaultConfigurationIsVisible = 0;
			defaultConfigurationName = Release;
		};
		9A566A451F8BD8A2004E8C73 /* Build configuration list for PBXNativeTarget "TestFirstUITests" */ = {
			isa = XCConfigurationList;
			buildConfigurations = (
				9A566A461F8BD8A2004E8C73 /* Debug */,
				9A566A471F8BD8A2004E8C73 /* Release */,
			);
			defaultConfigurationIsVisible = 0;
			defaultConfigurationName = Release;
		};
/* End XCConfigurationList section */
	};
	rootObject = 9A566A0F1F8BD8A2004E8C73 /* Project object */;
}
